
Microsoft Visual Studio Solution File, Format Version 12.00
# Visual Studio 14
VisualStudioVersion = 14.0.25420.1
MinimumVisualStudioVersion = 10.0.40219.1
Project("{FAE04EC0-301F-11D3-BF4B-00C04F79EFBC}") = "Driver", "Driver\Driver.csproj", "{97631C4B-13C8-4E2D-9D66-D67D38602C8B}"
EndProject
Project("{F2A71F9B-5D33-465A-A702-920D77279786}") = "MathLibrary", "MathLibrary\MathLibrary.fsproj", "{0815D7FA-EE6C-4B5E-8ACC-A8A164F9AC1F}"
EndProject
Global
	GlobalSection(SolutionConfigurationPlatforms) = preSolution
		Debug|Any CPU = Debug|Any CPU
		Release|Any CPU = Release|Any CPU
	EndGlobalSection
	GlobalSection(ProjectConfigurationPlatforms) = postSolution
		{97631C4B-13C8-4E2D-9D66-D67D38602C8B}.Debug|Any CPU.ActiveCfg = Debug|Any CPU
		{97631C4B-13C8-4E2D-9D66-D67D38602C8B}.Debug|Any CPU.Build.0 = Debug|Any CPU
		{97631C4B-13C8-4E2D-9D66-D67D38602C8B}.Release|Any CPU.ActiveCfg = Release|Any CPU
		{97631C4B-13C8-4E2D-9D66-D67D38602C8B}.Release|Any CPU.Build.0 = Release|Any CPU
		{0815D7FA-EE6C-4B5E-8ACC-A8A164F9AC1F}.Debug|Any CPU.ActiveCfg = Debug|Any CPU
		{0815D7FA-EE6C-4B5E-8ACC-A8A164F9AC1F}.Debug|Any CPU.Build.0 = Debug|Any CPU
		{0815D7FA-EE6C-4B5E-8ACC-A8A164F9AC1F}.Release|Any CPU.ActiveCfg = Release|Any CPU
		{0815D7FA-EE6C-4B5E-8ACC-A8A164F9AC1F}.Release|Any CPU.Build.0 = Release|Any CPU
	EndGlobalSection
	GlobalSection(SolutionProperties) = preSolution
		HideSolutionNode = FALSE
	EndGlobalSection
EndGlobal
